// !$*UTF8*$!
{
	archiveVersion = 1;
	classes = {
	};
	objectVersion = 77;
	objects = {

/* Begin PBXContainerItemProxy section */
		EAF580A02D425C8900DD4FE5 /* PBXContainerItemProxy */ = {
			isa = PBXContainerItemProxy;
			containerPortal = EAF580852D425C8800DD4FE5 /* Project object */;
			proxyType = 1;
			remoteGlobalIDString = EAF5808C2D425C8800DD4FE5;
			remoteInfo = Piirto;
		};
		EAF580AA2D425C8900DD4FE5 /* PBXContainerItemProxy */ = {
			isa = PBXContainerItemProxy;
			containerPortal = EAF580852D425C8800DD4FE5 /* Project object */;
			proxyType = 1;
			remoteGlobalIDString = EAF5808C2D425C8800DD4FE5;
			remoteInfo = Piirto;
		};
/* End PBXContainerItemProxy section */

/* Begin PBXFileReference section */
		EAF5808D2D425C8800DD4FE5 /* Piirto.app */ = {isa = PBXFileReference; explicitFileType = wrapper.application; includeInIndex = 0; path = Piirto.app; sourceTree = BUILT_PRODUCTS_DIR; };
		EAF5809F2D425C8900DD4FE5 /* PiirtoTests.xctest */ = {isa = PBXFileReference; explicitFileType = wrapper.cfbundle; includeInIndex = 0; path = PiirtoTests.xctest; sourceTree = BUILT_PRODUCTS_DIR; };
		EAF580A92D425C8900DD4FE5 /* PiirtoUITests.xctest */ = {isa = PBXFileReference; explicitFileType = wrapper.cfbundle; includeInIndex = 0; path = PiirtoUITests.xctest; sourceTree = BUILT_PRODUCTS_DIR; };
/* End PBXFileReference section */

/* Begin PBXFileSystemSynchronizedBuildFileExceptionSet section */
		EA024BD42D48C7F50042D771 /* Exceptions for "Piirto" folder in "Piirto" target */ = {
			isa = PBXFileSystemSynchronizedBuildFileExceptionSet;
			membershipExceptions = (
				Info.plist,
			);
			target = EAF5808C2D425C8800DD4FE5 /* Piirto */;
		};
/* End PBXFileSystemSynchronizedBuildFileExceptionSet section */

/* Begin PBXFileSystemSynchronizedRootGroup section */
		EAF5808F2D425C8800DD4FE5 /* Piirto */ = {
			isa = PBXFileSystemSynchronizedRootGroup;
			exceptions = (
				EA024BD42D48C7F50042D771 /* Exceptions for "Piirto" folder in "Piirto" target */,
			);
			path = Piirto;
			sourceTree = "<group>";
		};
		EAF580A22D425C8900DD4FE5 /* PiirtoTests */ = {
			isa = PBXFileSystemSynchronizedRootGroup;
			path = PiirtoTests;
			sourceTree = "<group>";
		};
		EAF580AC2D425C8900DD4FE5 /* PiirtoUITests */ = {
			isa = PBXFileSystemSynchronizedRootGroup;
			path = PiirtoUITests;
			sourceTree = "<group>";
		};
/* End PBXFileSystemSynchronizedRootGroup section */

/* Begin PBXFrameworksBuildPhase section */
		EAF5808A2D425C8800DD4FE5 /* Frameworks */ = {
			isa = PBXFrameworksBuildPhase;
			buildActionMask = 2147483647;
			files = (
			);
			runOnlyForDeploymentPostprocessing = 0;
		};
		EAF5809C2D425C8900DD4FE5 /* Frameworks */ = {
			isa = PBXFrameworksBuildPhase;
			buildActionMask = 2147483647;
			files = (
			);
			runOnlyForDeploymentPostprocessing = 0;
		};
		EAF580A62D425C8900DD4FE5 /* Frameworks */ = {
			isa = PBXFrameworksBuildPhase;
			buildActionMask = 2147483647;
			files = (
			);
			runOnlyForDeploymentPostprocessing = 0;
		};
/* End PBXFrameworksBuildPhase section */

/* Begin PBXGroup section */
		EAF580842D425C8800DD4FE5 = {
			isa = PBXGroup;
			children = (
				EAF5808F2D425C8800DD4FE5 /* Piirto */,
				EAF580A22D425C8900DD4FE5 /* PiirtoTests */,
				EAF580AC2D425C8900DD4FE5 /* PiirtoUITests */,
				EAF5808E2D425C8800DD4FE5 /* Products */,
			);
			sourceTree = "<group>";
		};
		EAF5808E2D425C8800DD4FE5 /* Products */ = {
			isa = PBXGroup;
			children = (
				EAF5808D2D425C8800DD4FE5 /* Piirto.app */,
				EAF5809F2D425C8900DD4FE5 /* PiirtoTests.xctest */,
				EAF580A92D425C8900DD4FE5 /* PiirtoUITests.xctest */,
			);
			name = Products;
			sourceTree = "<group>";
		};
/* End PBXGroup section */

/* Begin PBXNativeTarget section */
		EAF5808C2D425C8800DD4FE5 /* Piirto */ = {
			isa = PBXNativeTarget;
			buildConfigurationList = EAF580B32D425C8900DD4FE5 /* Build configuration list for PBXNativeTarget "Piirto" */;
			buildPhases = (
				EAF580892D425C8800DD4FE5 /* Sources */,
				EAF5808A2D425C8800DD4FE5 /* Frameworks */,
				EAF5808B2D425C8800DD4FE5 /* Resources */,
			);
			buildRules = (
			);
			dependencies = (
			);
			fileSystemSynchronizedGroups = (
				EAF5808F2D425C8800DD4FE5 /* Piirto */,
			);
			name = Piirto;
			packageProductDependencies = (
			);
			productName = Piirto;
			productReference = EAF5808D2D425C8800DD4FE5 /* Piirto.app */;
			productType = "com.apple.product-type.application";
		};
		EAF5809E2D425C8900DD4FE5 /* PiirtoTests */ = {
			isa = PBXNativeTarget;
			buildConfigurationList = EAF580B62D425C8900DD4FE5 /* Build configuration list for PBXNativeTarget "PiirtoTests" */;
			buildPhases = (
				EAF5809B2D425C8900DD4FE5 /* Sources */,
				EAF5809C2D425C8900DD4FE5 /* Frameworks */,
				EAF5809D2D425C8900DD4FE5 /* Resources */,
			);
			buildRules = (
			);
			dependencies = (
				EAF580A12D425C8900DD4FE5 /* PBXTargetDependency */,
			);
			fileSystemSynchronizedGroups = (
				EAF580A22D425C8900DD4FE5 /* PiirtoTests */,
			);
			name = PiirtoTests;
			packageProductDependencies = (
			);
			productName = PiirtoTests;
			productReference = EAF5809F2D425C8900DD4FE5 /* PiirtoTests.xctest */;
			productType = "com.apple.product-type.bundle.unit-test";
		};
		EAF580A82D425C8900DD4FE5 /* PiirtoUITests */ = {
			isa = PBXNativeTarget;
			buildConfigurationList = EAF580B92D425C8900DD4FE5 /* Build configuration list for PBXNativeTarget "PiirtoUITests" */;
			buildPhases = (
				EAF580A52D425C8900DD4FE5 /* Sources */,
				EAF580A62D425C8900DD4FE5 /* Frameworks */,
				EAF580A72D425C8900DD4FE5 /* Resources */,
			);
			buildRules = (
			);
			dependencies = (
				EAF580AB2D425C8900DD4FE5 /* PBXTargetDependency */,
			);
			fileSystemSynchronizedGroups = (
				EAF580AC2D425C8900DD4FE5 /* PiirtoUITests */,
			);
			name = PiirtoUITests;
			packageProductDependencies = (
			);
			productName = PiirtoUITests;
			productReference = EAF580A92D425C8900DD4FE5 /* PiirtoUITests.xctest */;
			productType = "com.apple.product-type.bundle.ui-testing";
		};
/* End PBXNativeTarget section */

/* Begin PBXProject section */
		EAF580852D425C8800DD4FE5 /* Project object */ = {
			isa = PBXProject;
			attributes = {
				BuildIndependentTargetsInParallel = 1;
				LastSwiftUpdateCheck = 1620;
				LastUpgradeCheck = 1620;
				TargetAttributes = {
					EAF5808C2D425C8800DD4FE5 = {
						CreatedOnToolsVersion = 16.2;
					};
					EAF5809E2D425C8900DD4FE5 = {
						CreatedOnToolsVersion = 16.2;
						TestTargetID = EAF5808C2D425C8800DD4FE5;
					};
					EAF580A82D425C8900DD4FE5 = {
						CreatedOnToolsVersion = 16.2;
						TestTargetID = EAF5808C2D425C8800DD4FE5;
					};
				};
			};
			buildConfigurationList = EAF580882D425C8800DD4FE5 /* Build configuration list for PBXProject "Piirto" */;
			developmentRegion = en;
			hasScannedForEncodings = 0;
			knownRegions = (
				en,
				Base,
			);
			mainGroup = EAF580842D425C8800DD4FE5;
			minimizedProjectReferenceProxies = 1;
			preferredProjectObjectVersion = 77;
			productRefGroup = EAF5808E2D425C8800DD4FE5 /* Products */;
			projectDirPath = "";
			projectRoot = "";
			targets = (
				EAF5808C2D425C8800DD4FE5 /* Piirto */,
				EAF5809E2D425C8900DD4FE5 /* PiirtoTests */,
				EAF580A82D425C8900DD4FE5 /* PiirtoUITests */,
			);
		};
/* End PBXProject section */

/* Begin PBXResourcesBuildPhase section */
		EAF5808B2D425C8800DD4FE5 /* Resources */ = {
			isa = PBXResourcesBuildPhase;
			buildActionMask = 2147483647;
			files = (
			);
			runOnlyForDeploymentPostprocessing = 0;
		};
		EAF5809D2D425C8900DD4FE5 /* Resources */ = {
			isa = PBXResourcesBuildPhase;
			buildActionMask = 2147483647;
			files = (
			);
			runOnlyForDeploymentPostprocessing = 0;
		};
		EAF580A72D425C8900DD4FE5 /* Resources */ = {
			isa = PBXResourcesBuildPhase;
			buildActionMask = 2147483647;
			files = (
			);
			runOnlyForDeploymentPostprocessing = 0;
		};
/* End PBXResourcesBuildPhase section */

/* Begin PBXSourcesBuildPhase section */
		EAF580892D425C8800DD4FE5 /* Sources */ = {
			isa = PBXSourcesBuildPhase;
			buildActionMask = 2147483647;
			files = (
			);
			runOnlyForDeploymentPostprocessing = 0;
		};
		EAF5809B2D425C8900DD4FE5 /* Sources */ = {
			isa = PBXSourcesBuildPhase;
			buildActionMask = 2147483647;
			files = (
			);
			runOnlyForDeploymentPostprocessing = 0;
		};
		EAF580A52D425C8900DD4FE5 /* Sources */ = {
			isa = PBXSourcesBuildPhase;
			buildActionMask = 2147483647;
			files = (
			);
			runOnlyForDeploymentPostprocessing = 0;
		};
/* End PBXSourcesBuildPhase section */

/* Begin PBXTargetDependency section */
		EAF580A12D425C8900DD4FE5 /* PBXTargetDependency */ = {
			isa = PBXTargetDependency;
			target = EAF5808C2D425C8800DD4FE5 /* Piirto */;
			targetProxy = EAF580A02D425C8900DD4FE5 /* PBXContainerItemProxy */;
		};
		EAF580AB2D425C8900DD4FE5 /* PBXTargetDependency */ = {
			isa = PBXTargetDependency;
			target = EAF5808C2D425C8800DD4FE5 /* Piirto */;
			targetProxy = EAF580AA2D425C8900DD4FE5 /* PBXContainerItemProxy */;
		};
/* End PBXTargetDependency section */

/* Begin XCBuildConfiguration section */
		EAF580B12D425C8900DD4FE5 /* Debug */ = {
			isa = XCBuildConfiguration;
			buildSettings = {
				ALWAYS_SEARCH_USER_PATHS = NO;
				ASSETCATALOG_COMPILER_GENERATE_SWIFT_ASSET_SYMBOL_EXTENSIONS = YES;
				CLANG_ANALYZER_NONNULL = YES;
				CLANG_ANALYZER_NUMBER_OBJECT_CONVERSION = YES_AGGRESSIVE;
				CLANG_CXX_LANGUAGE_STANDARD = "gnu++20";
				CLANG_ENABLE_MODULES = YES;
				CLANG_ENABLE_OBJC_ARC = YES;
				CLANG_ENABLE_OBJC_WEAK = YES;
				CLANG_WARN_BLOCK_CAPTURE_AUTORELEASING = YES;
				CLANG_WARN_BOOL_CONVERSION = YES;
				CLANG_WARN_COMMA = YES;
				CLANG_WARN_CONSTANT_CONVERSION = YES;
				CLANG_WARN_DEPRECATED_OBJC_IMPLEMENTATIONS = YES;
				CLANG_WARN_DIRECT_OBJC_ISA_USAGE = YES_ERROR;
				CLANG_WARN_DOCUMENTATION_COMMENTS = YES;
				CLANG_WARN_EMPTY_BODY = YES;
				CLANG_WARN_ENUM_CONVERSION = YES;
				CLANG_WARN_INFINITE_RECURSION = YES;
				CLANG_WARN_INT_CONVERSION = YES;
				CLANG_WARN_NON_LITERAL_NULL_CONVERSION = YES;
				CLANG_WARN_OBJC_IMPLICIT_RETAIN_SELF = YES;
				CLANG_WARN_OBJC_LITERAL_CONVERSION = YES;
				CLANG_WARN_OBJC_ROOT_CLASS = YES_ERROR;
				CLANG_WARN_QUOTED_INCLUDE_IN_FRAMEWORK_HEADER = YES;
				CLANG_WARN_RANGE_LOOP_ANALYSIS = YES;
				CLANG_WARN_STRICT_PROTOTYPES = YES;
				CLANG_WARN_SUSPICIOUS_MOVE = YES;
				CLANG_WARN_UNGUARDED_AVAILABILITY = YES_AGGRESSIVE;
				CLANG_WARN_UNREACHABLE_CODE = YES;
				CLANG_WARN__DUPLICATE_METHOD_MATCH = YES;
				COPY_PHASE_STRIP = NO;
				DEBUG_INFORMATION_FORMAT = dwarf;
				ENABLE_STRICT_OBJC_MSGSEND = YES;
				ENABLE_TESTABILITY = YES;
				ENABLE_USER_SCRIPT_SANDBOXING = YES;
				GCC_C_LANGUAGE_STANDARD = gnu17;
				GCC_DYNAMIC_NO_PIC = NO;
				GCC_NO_COMMON_BLOCKS = YES;
				GCC_OPTIMIZATION_LEVEL = 0;
				GCC_PREPROCESSOR_DEFINITIONS = (
					"DEBUG=1",
					"$(inherited)",
				);
				GCC_WARN_64_TO_32_BIT_CONVERSION = YES;
				GCC_WARN_ABOUT_RETURN_TYPE = YES_ERROR;
				GCC_WARN_UNDECLARED_SELECTOR = YES;
				GCC_WARN_UNINITIALIZED_AUTOS = YES_AGGRESSIVE;
				GCC_WARN_UNUSED_FUNCTION = YES;
				GCC_WARN_UNUSED_VARIABLE = YES;
				IPHONEOS_DEPLOYMENT_TARGET = 18.2;
				LOCALIZATION_PREFERS_STRING_CATALOGS = YES;
				MTL_ENABLE_DEBUG_INFO = INCLUDE_SOURCE;
				MTL_FAST_MATH = YES;
				ONLY_ACTIVE_ARCH = YES;
				SDKROOT = iphoneos;
				SWIFT_ACTIVE_COMPILATION_CONDITIONS = "DEBUG $(inherited)";
				SWIFT_OPTIMIZATION_LEVEL = "-Onone";
			};
			name = Debug;
		};
		EAF580B22D425C8900DD4FE5 /* Release */ = {
			isa = XCBuildConfiguration;
			buildSettings = {
				ALWAYS_SEARCH_USER_PATHS = NO;
				ASSETCATALOG_COMPILER_GENERATE_SWIFT_ASSET_SYMBOL_EXTENSIONS = YES;
				CLANG_ANALYZER_NONNULL = YES;
				CLANG_ANALYZER_NUMBER_OBJECT_CONVERSION = YES_AGGRESSIVE;
				CLANG_CXX_LANGUAGE_STANDARD = "gnu++20";
				CLANG_ENABLE_MODULES = YES;
				CLANG_ENABLE_OBJC_ARC = YES;
				CLANG_ENABLE_OBJC_WEAK = YES;
				CLANG_WARN_BLOCK_CAPTURE_AUTORELEASING = YES;
				CLANG_WARN_BOOL_CONVERSION = YES;
				CLANG_WARN_COMMA = YES;
				CLANG_WARN_CONSTANT_CONVERSION = YES;
				CLANG_WARN_DEPRECATED_OBJC_IMPLEMENTATIONS = YES;
				CLANG_WARN_DIRECT_OBJC_ISA_USAGE = YES_ERROR;
				CLANG_WARN_DOCUMENTATION_COMMENTS = YES;
				CLANG_WARN_EMPTY_BODY = YES;
				CLANG_WARN_ENUM_CONVERSION = YES;
				CLANG_WARN_INFINITE_RECURSION = YES;
				CLANG_WARN_INT_CONVERSION = YES;
				CLANG_WARN_NON_LITERAL_NULL_CONVERSION = YES;
				CLANG_WARN_OBJC_IMPLICIT_RETAIN_SELF = YES;
				CLANG_WARN_OBJC_LITERAL_CONVERSION = YES;
				CLANG_WARN_OBJC_ROOT_CLASS = YES_ERROR;
				CLANG_WARN_QUOTED_INCLUDE_IN_FRAMEWORK_HEADER = YES;
				CLANG_WARN_RANGE_LOOP_ANALYSIS = YES;
				CLANG_WARN_STRICT_PROTOTYPES = YES;
				CLANG_WARN_SUSPICIOUS_MOVE = YES;
				CLANG_WARN_UNGUARDED_AVAILABILITY = YES_AGGRESSIVE;
				CLANG_WARN_UNREACHABLE_CODE = YES;
				CLANG_WARN__DUPLICATE_METHOD_MATCH = YES;
				COPY_PHASE_STRIP = NO;
				DEBUG_INFORMATION_FORMAT = "dwarf-with-dsym";
				ENABLE_NS_ASSERTIONS = NO;
				ENABLE_STRICT_OBJC_MSGSEND = YES;
				ENABLE_USER_SCRIPT_SANDBOXING = YES;
				GCC_C_LANGUAGE_STANDARD = gnu17;
				GCC_NO_COMMON_BLOCKS = YES;
				GCC_WARN_64_TO_32_BIT_CONVERSION = YES;
				GCC_WARN_ABOUT_RETURN_TYPE = YES_ERROR;
				GCC_WARN_UNDECLARED_SELECTOR = YES;
				GCC_WARN_UNINITIALIZED_AUTOS = YES_AGGRESSIVE;
				GCC_WARN_UNUSED_FUNCTION = YES;
				GCC_WARN_UNUSED_VARIABLE = YES;
				IPHONEOS_DEPLOYMENT_TARGET = 18.2;
				LOCALIZATION_PREFERS_STRING_CATALOGS = YES;
				MTL_ENABLE_DEBUG_INFO = NO;
				MTL_FAST_MATH = YES;
				SDKROOT = iphoneos;
				SWIFT_COMPILATION_MODE = wholemodule;
				VALIDATE_PRODUCT = YES;
			};
			name = Release;
		};
		EAF580B42D425C8900DD4FE5 /* Debug */ = {
			isa = XCBuildConfiguration;
			buildSettings = {
				ASSETCATALOG_COMPILER_APPICON_NAME = AppIcon;
				ASSETCATALOG_COMPILER_GLOBAL_ACCENT_COLOR_NAME = AccentColor;
				CODE_SIGN_IDENTITY = "Apple Development";
				CODE_SIGN_STYLE = Automatic;
				CURRENT_PROJECT_VERSION = 1;
				DEVELOPMENT_ASSET_PATHS = "\"Piirto/Preview Content\"";
				DEVELOPMENT_TEAM = A94FDP2YJ9;
				ENABLE_PREVIEWS = YES;
				GENERATE_INFOPLIST_FILE = YES;
				INFOPLIST_FILE = Piirto/Info.plist;
				INFOPLIST_KEY_LSApplicationCategoryType = "public.app-category.graphics-design";
				INFOPLIST_KEY_NSCameraUsageDescription = "We only use this image as semi-transparent background so you can draw over it. It will not be stored or sent out from your device.";
				INFOPLIST_KEY_UIApplicationSceneManifest_Generation = YES;
				INFOPLIST_KEY_UIApplicationSupportsIndirectInputEvents = YES;
				INFOPLIST_KEY_UISupportedInterfaceOrientations_iPad = "UIInterfaceOrientationPortrait UIInterfaceOrientationPortraitUpsideDown UIInterfaceOrientationLandscapeLeft UIInterfaceOrientationLandscapeRight";
				INFOPLIST_KEY_UISupportedInterfaceOrientations_iPhone = "UIInterfaceOrientationPortrait UIInterfaceOrientationLandscapeLeft UIInterfaceOrientationLandscapeRight";
				LD_RUNPATH_SEARCH_PATHS = (
					"$(inherited)",
					"@executable_path/Frameworks",
				);
				MARKETING_VERSION = 1.0;
				OTHER_SWIFT_FLAGS = "-enable-actor-data-race-checks";
				PRODUCT_BUNDLE_IDENTIFIER = dev.tatami.piirtoapp;
				PRODUCT_NAME = "$(TARGET_NAME)";
				PROVISIONING_PROFILE_SPECIFIER = "";
				SWIFT_EMIT_LOC_STRINGS = YES;
				SWIFT_VERSION = 5.0;
				TARGETED_DEVICE_FAMILY = "1,2";
			};
			name = Debug;
		};
		EAF580B52D425C8900DD4FE5 /* Release */ = {
			isa = XCBuildConfiguration;
			buildSettings = {
				ASSETCATALOG_COMPILER_APPICON_NAME = AppIcon;
				ASSETCATALOG_COMPILER_GLOBAL_ACCENT_COLOR_NAME = AccentColor;
				CODE_SIGN_IDENTITY = "Apple Development";
				CODE_SIGN_STYLE = Automatic;
				CURRENT_PROJECT_VERSION = 1;
				DEVELOPMENT_ASSET_PATHS = "\"Piirto/Preview Content\"";
				DEVELOPMENT_TEAM = A94FDP2YJ9;
				ENABLE_PREVIEWS = YES;
				GENERATE_INFOPLIST_FILE = YES;
				INFOPLIST_FILE = Piirto/Info.plist;
				INFOPLIST_KEY_LSApplicationCategoryType = "public.app-category.graphics-design";
				INFOPLIST_KEY_NSCameraUsageDescription = "We only use this image as semi-transparent background so you can draw over it. It will not be stored or sent out from your device.";
				INFOPLIST_KEY_UIApplicationSceneManifest_Generation = YES;
				INFOPLIST_KEY_UIApplicationSupportsIndirectInputEvents = YES;
				INFOPLIST_KEY_UISupportedInterfaceOrientations_iPad = "UIInterfaceOrientationPortrait UIInterfaceOrientationPortraitUpsideDown UIInterfaceOrientationLandscapeLeft UIInterfaceOrientationLandscapeRight";
				INFOPLIST_KEY_UISupportedInterfaceOrientations_iPhone = "UIInterfaceOrientationPortrait UIInterfaceOrientationLandscapeLeft UIInterfaceOrientationLandscapeRight";
				LD_RUNPATH_SEARCH_PATHS = (
					"$(inherited)",
					"@executable_path/Frameworks",
				);
				MARKETING_VERSION = 1.0;
				OTHER_SWIFT_FLAGS = "-enable-actor-data-race-checks";
				PRODUCT_BUNDLE_IDENTIFIER = dev.tatami.piirtoapp;
				PRODUCT_NAME = "$(TARGET_NAME)";
				PROVISIONING_PROFILE_SPECIFIER = "";
				SWIFT_EMIT_LOC_STRINGS = YES;
				SWIFT_VERSION = 5.0;
				TARGETED_DEVICE_FAMILY = "1,2";
			};
			name = Release;
		};
		EAF580B72D425C8900DD4FE5 /* Debug */ = {
			isa = XCBuildConfiguration;
			buildSettings = {
				BUNDLE_LOADER = "$(TEST_HOST)";
				CODE_SIGN_STYLE = Automatic;
				CURRENT_PROJECT_VERSION = 1;
				DEVELOPMENT_TEAM = 38BP9ZZSBY;
				GENERATE_INFOPLIST_FILE = YES;
				IPHONEOS_DEPLOYMENT_TARGET = 18.2;
				MARKETING_VERSION = 1.0;
				PRODUCT_BUNDLE_IDENTIFIER = com.miikakuisma.PiirtoTests;
				PRODUCT_NAME = "$(TARGET_NAME)";
				SWIFT_EMIT_LOC_STRINGS = NO;
				SWIFT_VERSION = 5.0;
				TARGETED_DEVICE_FAMILY = "1,2";
				TEST_HOST = "$(BUILT_PRODUCTS_DIR)/Piirto.app/$(BUNDLE_EXECUTABLE_FOLDER_PATH)/Piirto";
			};
			name = Debug;
		};
		EAF580B82D425C8900DD4FE5 /* Release */ = {
			isa = XCBuildConfiguration;
			buildSettings = {
				BUNDLE_LOADER = "$(TEST_HOST)";
				CODE_SIGN_STYLE = Automatic;
				CURRENT_PROJECT_VERSION = 1;
				DEVELOPMENT_TEAM = 38BP9ZZSBY;
				GENERATE_INFOPLIST_FILE = YES;
				IPHONEOS_DEPLOYMENT_TARGET = 18.2;
				MARKETING_VERSION = 1.0;
				PRODUCT_BUNDLE_IDENTIFIER = com.miikakuisma.PiirtoTests;
				PRODUCT_NAME = "$(TARGET_NAME)";
				SWIFT_EMIT_LOC_STRINGS = NO;
				SWIFT_VERSION = 5.0;
				TARGETED_DEVICE_FAMILY = "1,2";
				TEST_HOST = "$(BUILT_PRODUCTS_DIR)/Piirto.app/$(BUNDLE_EXECUTABLE_FOLDER_PATH)/Piirto";
			};
			name = Release;
		};
		EAF580BA2D425C8900DD4FE5 /* Debug */ = {
			isa = XCBuildConfiguration;
			buildSettings = {
				CODE_SIGN_STYLE = Automatic;
				CURRENT_PROJECT_VERSION = 1;
				DEVELOPMENT_TEAM = 38BP9ZZSBY;
				GENERATE_INFOPLIST_FILE = YES;
				MARKETING_VERSION = 1.0;
				PRODUCT_BUNDLE_IDENTIFIER = com.miikakuisma.PiirtoUITests;
				PRODUCT_NAME = "$(TARGET_NAME)";
				SWIFT_EMIT_LOC_STRINGS = NO;
				SWIFT_VERSION = 5.0;
				TARGETED_DEVICE_FAMILY = "1,2";
				TEST_TARGET_NAME = Piirto;
			};
			name = Debug;
		};
		EAF580BB2D425C8900DD4FE5 /* Release */ = {
			isa = XCBuildConfiguration;
			buildSettings = {
				CODE_SIGN_STYLE = Automatic;
				CURRENT_PROJECT_VERSION = 1;
				DEVELOPMENT_TEAM = 38BP9ZZSBY;
				GENERATE_INFOPLIST_FILE = YES;
				MARKETING_VERSION = 1.0;
				PRODUCT_BUNDLE_IDENTIFIER = com.miikakuisma.PiirtoUITests;
				PRODUCT_NAME = "$(TARGET_NAME)";
				SWIFT_EMIT_LOC_STRINGS = NO;
				SWIFT_VERSION = 5.0;
				TARGETED_DEVICE_FAMILY = "1,2";
				TEST_TARGET_NAME = Piirto;
			};
			name = Release;
		};
/* End XCBuildConfiguration section */

/* Begin XCConfigurationList section */
		EAF580882D425C8800DD4FE5 /* Build configuration list for PBXProject "Piirto" */ = {
			isa = XCConfigurationList;
			buildConfigurations = (
				EAF580B12D425C8900DD4FE5 /* Debug */,
				EAF580B22D425C8900DD4FE5 /* Release */,
			);
			defaultConfigurationIsVisible = 0;
			defaultConfigurationName = Release;
		};
		EAF580B32D425C8900DD4FE5 /* Build configuration list for PBXNativeTarget "Piirto" */ = {
			isa = XCConfigurationList;
			buildConfigurations = (
				EAF580B42D425C8900DD4FE5 /* Debug */,
				EAF580B52D425C8900DD4FE5 /* Release */,
			);
			defaultConfigurationIsVisible = 0;
			defaultConfigurationName = Release;
		};
		EAF580B62D425C8900DD4FE5 /* Build configuration list for PBXNativeTarget "PiirtoTests" */ = {
			isa = XCConfigurationList;
			buildConfigurations = (
				EAF580B72D425C8900DD4FE5 /* Debug */,
				EAF580B82D425C8900DD4FE5 /* Release */,
			);
			defaultConfigurationIsVisible = 0;
			defaultConfigurationName = Release;
		};
		EAF580B92D425C8900DD4FE5 /* Build configuration list for PBXNativeTarget "PiirtoUITests" */ = {
			isa = XCConfigurationList;
			buildConfigurations = (
				EAF580BA2D425C8900DD4FE5 /* Debug */,
				EAF580BB2D425C8900DD4FE5 /* Release */,
			);
			defaultConfigurationIsVisible = 0;
			defaultConfigurationName = Release;
		};
/* End XCConfigurationList section */
	};
	rootObject = EAF580852D425C8800DD4FE5 /* Project object */;
}
